
Microsoft Visual Studio Solution File, Format Version 12.00
# Visual Studio 15
VisualStudioVersion = 15.0.27428.2043
MinimumVisualStudioVersion = 10.0.40219.1
Project("{F184B08F-C81C-45F6-A57F-5ABD9991F28F}") = "gitweb", "gitweb\gitweb.vbproj", "{874DB784-265D-4E4D-984D-D5975D1CD0AB}"
EndProject
Global
	GlobalSection(SolutionConfigurationPlatforms) = preSolution
		Debug|ARM = Debug|ARM
		Debug|x64 = Debug|x64
		Debug|x86 = Debug|x86
		Release|ARM = Release|ARM
		Release|x64 = Release|x64
		Release|x86 = Release|x86
	EndGlobalSection
	GlobalSection(ProjectConfigurationPlatforms) = postSolution
		{874DB784-265D-4E4D-984D-D5975D1CD0AB}.Debug|ARM.ActiveCfg = Debug|ARM
		{874DB784-265D-4E4D-984D-D5975D1CD0AB}.Debug|ARM.Build.0 = Debug|ARM
		{874DB784-265D-4E4D-984D-D5975D1CD0AB}.Debug|ARM.Deploy.0 = Debug|ARM
		{874DB784-265D-4E4D-984D-D5975D1CD0AB}.Debug|x64.ActiveCfg = Debug|x64
		{874DB784-265D-4E4D-984D-D5975D1CD0AB}.Debug|x64.Build.0 = Debug|x64
		{874DB784-265D-4E4D-984D-D5975D1CD0AB}.Debug|x64.Deploy.0 = Debug|x64
		{874DB784-265D-4E4D-984D-D5975D1CD0AB}.Debug|x86.ActiveCfg = Debug|x86
		{874DB784-265D-4E4D-984D-D5975D1CD0AB}.Debug|x86.Build.0 = Debug|x86
		{874DB784-265D-4E4D-984D-D5975D1CD0AB}.Debug|x86.Deploy.0 = Debug|x86
		{874DB784-265D-4E4D-984D-D5975D1CD0AB}.Release|ARM.ActiveCfg = Release|ARM
		{874DB784-265D-4E4D-984D-D5975D1CD0AB}.Release|ARM.Build.0 = Release|ARM
		{874DB784-265D-4E4D-984D-D5975D1CD0AB}.Release|ARM.Deploy.0 = Release|ARM
		{874DB784-265D-4E4D-984D-D5975D1CD0AB}.Release|x64.ActiveCfg = Release|x64
		{874DB784-265D-4E4D-984D-D5975D1CD0AB}.Release|x64.Build.0 = Release|x64
		{874DB784-265D-4E4D-984D-D5975D1CD0AB}.Release|x64.Deploy.0 = Release|x64
		{874DB784-265D-4E4D-984D-D5975D1CD0AB}.Release|x86.ActiveCfg = Release|x86
		{874DB784-265D-4E4D-984D-D5975D1CD0AB}.Release|x86.Build.0 = Release|x86
		{874DB784-265D-4E4D-984D-D5975D1CD0AB}.Release|x86.Deploy.0 = Release|x86
	EndGlobalSection
	GlobalSection(SolutionProperties) = preSolution
		HideSolutionNode = FALSE
	EndGlobalSection
	GlobalSection(ExtensibilityGlobals) = postSolution
		SolutionGuid = {3D728769-8AD3-42DE-9DC7-CEBB4A3ABC7A}
	EndGlobalSection
EndGlobal
